
Microsoft Visual Studio Solution File, Format Version 12.00
# Visual Studio Version 16
VisualStudioVersion = 16.0.30413.136
MinimumVisualStudioVersion = 10.0.40219.1
Project("{8BC9CEB8-8B4A-11D0-8D11-00A0C91BC942}") = "Hellow Worlds", "Hellow Worlds\Hellow Worlds.vcxproj", "{49848613-2696-4265-AD42-DA025F8261BF}"
EndProject
Project("{8BC9CEB8-8B4A-11D0-8D11-00A0C91BC942}") = "Jeu de dés", "Jeu de dés\Jeu de dés.vcxproj", "{22C81E08-531A-4C7E-ABFD-120CBB4A8B01}"
EndProject
Project("{8BC9CEB8-8B4A-11D0-8D11-00A0C91BC942}") = "Jeu de dés(variante dragon) - formative", "Jeu de dés(variante dragon)\Jeu de dés(variante dragon).vcxproj", "{75D4E809-559D-4CFE-8E98-1E649D7C4CF6}"
EndProject
Project("{8BC9CEB8-8B4A-11D0-8D11-00A0C91BC942}") = "Termocolor test", "Termocolor test\Termocolor test.vcxproj", "{A7CC3D89-A525-4DBF-B5E8-5C96D3650BA7}"
EndProject
Project("{8BC9CEB8-8B4A-11D0-8D11-00A0C91BC942}") = "Cris d'animaux - formative", "Cris d'animaux - formative\Cris d'animaux - formative.vcxproj", "{DBB51616-5375-449B-87A4-F18CBC4C5CCA}"
EndProject
Project("{8BC9CEB8-8B4A-11D0-8D11-00A0C91BC942}") = "Poker Hand -formative-", "Poker Hand -formative-\Poker Hand -formative-.vcxproj", "{61A78AAA-565C-4BE9-9544-034F0CD27C5F}"
EndProject
Project("{8BC9CEB8-8B4A-11D0-8D11-00A0C91BC942}") = "Narrative game -formative-", "Narrative game -formative-\Narrative game -formative-.vcxproj", "{57E6AABA-E52B-47F1-ACAC-E7BCD3758B63}"
EndProject
Project("{8BC9CEB8-8B4A-11D0-8D11-00A0C91BC942}") = "Exercices", "Exercices\Exercices.vcxproj", "{69C14756-52DB-4920-BE04-0951AB1E58B5}"
EndProject
Project("{8BC9CEB8-8B4A-11D0-8D11-00A0C91BC942}") = "Poker 2 -formative-", "Poker 2 -formative-\Poker 2 -formative-.vcxproj", "{A19E6A38-6C8E-4818-8BA2-4906D570703C}"
EndProject
Project("{8BC9CEB8-8B4A-11D0-8D11-00A0C91BC942}") = "Tierce -formative-", "Tierce -formative-\Tierce -formative-.vcxproj", "{1BF4B9CA-8439-4571-AE3F-28D1236C637A}"
EndProject
Project("{8BC9CEB8-8B4A-11D0-8D11-00A0C91BC942}") = "Roulette russe -formative-", "Roulette russe -formative-\Roulette russe -formative-.vcxproj", "{DF02D786-D403-4243-A568-E613F6A7A2F1}"
EndProject
Project("{8BC9CEB8-8B4A-11D0-8D11-00A0C91BC942}") = "Roulette russe 2 -formative-", "Roulette russe 2 -formative-\Roulette russe 2 -formative-.vcxproj", "{BE904171-F6CA-45F4-B0F0-8F59474EBFE9}"
EndProject
Project("{8BC9CEB8-8B4A-11D0-8D11-00A0C91BC942}") = "Annuaire secret -formative-", "Annuaire secret -formative-\Annuaire secret -formative-.vcxproj", "{104F21EE-154E-41D8-824C-4C9AE589C4B4}"
EndProject
Global
	GlobalSection(SolutionConfigurationPlatforms) = preSolution
		Debug|x64 = Debug|x64
		Debug|x86 = Debug|x86
		Release|x64 = Release|x64
		Release|x86 = Release|x86
	EndGlobalSection
	GlobalSection(ProjectConfigurationPlatforms) = postSolution
		{49848613-2696-4265-AD42-DA025F8261BF}.Debug|x64.ActiveCfg = Debug|x64
		{49848613-2696-4265-AD42-DA025F8261BF}.Debug|x64.Build.0 = Debug|x64
		{49848613-2696-4265-AD42-DA025F8261BF}.Debug|x86.ActiveCfg = Debug|Win32
		{49848613-2696-4265-AD42-DA025F8261BF}.Debug|x86.Build.0 = Debug|Win32
		{49848613-2696-4265-AD42-DA025F8261BF}.Release|x64.ActiveCfg = Release|x64
		{49848613-2696-4265-AD42-DA025F8261BF}.Release|x64.Build.0 = Release|x64
		{49848613-2696-4265-AD42-DA025F8261BF}.Release|x86.ActiveCfg = Release|Win32
		{49848613-2696-4265-AD42-DA025F8261BF}.Release|x86.Build.0 = Release|Win32
		{22C81E08-531A-4C7E-ABFD-120CBB4A8B01}.Debug|x64.ActiveCfg = Debug|x64
		{22C81E08-531A-4C7E-ABFD-120CBB4A8B01}.Debug|x64.Build.0 = Debug|x64
		{22C81E08-531A-4C7E-ABFD-120CBB4A8B01}.Debug|x86.ActiveCfg = Debug|Win32
		{22C81E08-531A-4C7E-ABFD-120CBB4A8B01}.Debug|x86.Build.0 = Debug|Win32
		{22C81E08-531A-4C7E-ABFD-120CBB4A8B01}.Release|x64.ActiveCfg = Release|x64
		{22C81E08-531A-4C7E-ABFD-120CBB4A8B01}.Release|x64.Build.0 = Release|x64
		{22C81E08-531A-4C7E-ABFD-120CBB4A8B01}.Release|x86.ActiveCfg = Release|Win32
		{22C81E08-531A-4C7E-ABFD-120CBB4A8B01}.Release|x86.Build.0 = Release|Win32
		{75D4E809-559D-4CFE-8E98-1E649D7C4CF6}.Debug|x64.ActiveCfg = Debug|x64
		{75D4E809-559D-4CFE-8E98-1E649D7C4CF6}.Debug|x64.Build.0 = Debug|x64
		{75D4E809-559D-4CFE-8E98-1E649D7C4CF6}.Debug|x86.ActiveCfg = Debug|Win32
		{75D4E809-559D-4CFE-8E98-1E649D7C4CF6}.Debug|x86.Build.0 = Debug|Win32
		{75D4E809-559D-4CFE-8E98-1E649D7C4CF6}.Release|x64.ActiveCfg = Release|x64
		{75D4E809-559D-4CFE-8E98-1E649D7C4CF6}.Release|x64.Build.0 = Release|x64
		{75D4E809-559D-4CFE-8E98-1E649D7C4CF6}.Release|x86.ActiveCfg = Release|Win32
		{75D4E809-559D-4CFE-8E98-1E649D7C4CF6}.Release|x86.Build.0 = Release|Win32
		{A7CC3D89-A525-4DBF-B5E8-5C96D3650BA7}.Debug|x64.ActiveCfg = Debug|x64
		{A7CC3D89-A525-4DBF-B5E8-5C96D3650BA7}.Debug|x64.Build.0 = Debug|x64
		{A7CC3D89-A525-4DBF-B5E8-5C96D3650BA7}.Debug|x86.ActiveCfg = Debug|Win32
		{A7CC3D89-A525-4DBF-B5E8-5C96D3650BA7}.Debug|x86.Build.0 = Debug|Win32
		{A7CC3D89-A525-4DBF-B5E8-5C96D3650BA7}.Release|x64.ActiveCfg = Release|x64
		{A7CC3D89-A525-4DBF-B5E8-5C96D3650BA7}.Release|x64.Build.0 = Release|x64
		{A7CC3D89-A525-4DBF-B5E8-5C96D3650BA7}.Release|x86.ActiveCfg = Release|Win32
		{A7CC3D89-A525-4DBF-B5E8-5C96D3650BA7}.Release|x86.Build.0 = Release|Win32
		{DBB51616-5375-449B-87A4-F18CBC4C5CCA}.Debug|x64.ActiveCfg = Debug|x64
		{DBB51616-5375-449B-87A4-F18CBC4C5CCA}.Debug|x64.Build.0 = Debug|x64
		{DBB51616-5375-449B-87A4-F18CBC4C5CCA}.Debug|x86.ActiveCfg = Debug|Win32
		{DBB51616-5375-449B-87A4-F18CBC4C5CCA}.Debug|x86.Build.0 = Debug|Win32
		{DBB51616-5375-449B-87A4-F18CBC4C5CCA}.Release|x64.ActiveCfg = Release|x64
		{DBB51616-5375-449B-87A4-F18CBC4C5CCA}.Release|x64.Build.0 = Release|x64
		{DBB51616-5375-449B-87A4-F18CBC4C5CCA}.Release|x86.ActiveCfg = Release|Win32
		{DBB51616-5375-449B-87A4-F18CBC4C5CCA}.Release|x86.Build.0 = Release|Win32
		{61A78AAA-565C-4BE9-9544-034F0CD27C5F}.Debug|x64.ActiveCfg = Debug|x64
		{61A78AAA-565C-4BE9-9544-034F0CD27C5F}.Debug|x64.Build.0 = Debug|x64
		{61A78AAA-565C-4BE9-9544-034F0CD27C5F}.Debug|x86.ActiveCfg = Debug|Win32
		{61A78AAA-565C-4BE9-9544-034F0CD27C5F}.Debug|x86.Build.0 = Debug|Win32
		{61A78AAA-565C-4BE9-9544-034F0CD27C5F}.Release|x64.ActiveCfg = Release|x64
		{61A78AAA-565C-4BE9-9544-034F0CD27C5F}.Release|x64.Build.0 = Release|x64
		{61A78AAA-565C-4BE9-9544-034F0CD27C5F}.Release|x86.ActiveCfg = Release|Win32
		{61A78AAA-565C-4BE9-9544-034F0CD27C5F}.Release|x86.Build.0 = Release|Win32
		{57E6AABA-E52B-47F1-ACAC-E7BCD3758B63}.Debug|x64.ActiveCfg = Debug|x64
		{57E6AABA-E52B-47F1-ACAC-E7BCD3758B63}.Debug|x64.Build.0 = Debug|x64
		{57E6AABA-E52B-47F1-ACAC-E7BCD3758B63}.Debug|x86.ActiveCfg = Debug|Win32
		{57E6AABA-E52B-47F1-ACAC-E7BCD3758B63}.Debug|x86.Build.0 = Debug|Win32
		{57E6AABA-E52B-47F1-ACAC-E7BCD3758B63}.Release|x64.ActiveCfg = Release|x64
		{57E6AABA-E52B-47F1-ACAC-E7BCD3758B63}.Release|x64.Build.0 = Release|x64
		{57E6AABA-E52B-47F1-ACAC-E7BCD3758B63}.Release|x86.ActiveCfg = Release|Win32
		{57E6AABA-E52B-47F1-ACAC-E7BCD3758B63}.Release|x86.Build.0 = Release|Win32
		{69C14756-52DB-4920-BE04-0951AB1E58B5}.Debug|x64.ActiveCfg = Debug|x64
		{69C14756-52DB-4920-BE04-0951AB1E58B5}.Debug|x64.Build.0 = Debug|x64
		{69C14756-52DB-4920-BE04-0951AB1E58B5}.Debug|x86.ActiveCfg = Debug|Win32
		{69C14756-52DB-4920-BE04-0951AB1E58B5}.Debug|x86.Build.0 = Debug|Win32
		{69C14756-52DB-4920-BE04-0951AB1E58B5}.Release|x64.ActiveCfg = Release|x64
		{69C14756-52DB-4920-BE04-0951AB1E58B5}.Release|x64.Build.0 = Release|x64
		{69C14756-52DB-4920-BE04-0951AB1E58B5}.Release|x86.ActiveCfg = Release|Win32
		{69C14756-52DB-4920-BE04-0951AB1E58B5}.Release|x86.Build.0 = Release|Win32
		{A19E6A38-6C8E-4818-8BA2-4906D570703C}.Debug|x64.ActiveCfg = Debug|x64
		{A19E6A38-6C8E-4818-8BA2-4906D570703C}.Debug|x64.Build.0 = Debug|x64
		{A19E6A38-6C8E-4818-8BA2-4906D570703C}.Debug|x86.ActiveCfg = Debug|Win32
		{A19E6A38-6C8E-4818-8BA2-4906D570703C}.Debug|x86.Build.0 = Debug|Win32
		{A19E6A38-6C8E-4818-8BA2-4906D570703C}.Release|x64.ActiveCfg = Release|x64
		{A19E6A38-6C8E-4818-8BA2-4906D570703C}.Release|x64.Build.0 = Release|x64
		{A19E6A38-6C8E-4818-8BA2-4906D570703C}.Release|x86.ActiveCfg = Release|Win32
		{A19E6A38-6C8E-4818-8BA2-4906D570703C}.Release|x86.Build.0 = Release|Win32
		{1BF4B9CA-8439-4571-AE3F-28D1236C637A}.Debug|x64.ActiveCfg = Debug|x64
		{1BF4B9CA-8439-4571-AE3F-28D1236C637A}.Debug|x64.Build.0 = Debug|x64
		{1BF4B9CA-8439-4571-AE3F-28D1236C637A}.Debug|x86.ActiveCfg = Debug|Win32
		{1BF4B9CA-8439-4571-AE3F-28D1236C637A}.Debug|x86.Build.0 = Debug|Win32
		{1BF4B9CA-8439-4571-AE3F-28D1236C637A}.Release|x64.ActiveCfg = Release|x64
		{1BF4B9CA-8439-4571-AE3F-28D1236C637A}.Release|x64.Build.0 = Release|x64
		{1BF4B9CA-8439-4571-AE3F-28D1236C637A}.Release|x86.ActiveCfg = Release|Win32
		{1BF4B9CA-8439-4571-AE3F-28D1236C637A}.Release|x86.Build.0 = Release|Win32
		{DF02D786-D403-4243-A568-E613F6A7A2F1}.Debug|x64.ActiveCfg = Debug|x64
		{DF02D786-D403-4243-A568-E613F6A7A2F1}.Debug|x64.Build.0 = Debug|x64
		{DF02D786-D403-4243-A568-E613F6A7A2F1}.Debug|x86.ActiveCfg = Debug|Win32
		{DF02D786-D403-4243-A568-E613F6A7A2F1}.Debug|x86.Build.0 = Debug|Win32
		{DF02D786-D403-4243-A568-E613F6A7A2F1}.Release|x64.ActiveCfg = Release|x64
		{DF02D786-D403-4243-A568-E613F6A7A2F1}.Release|x64.Build.0 = Release|x64
		{DF02D786-D403-4243-A568-E613F6A7A2F1}.Release|x86.ActiveCfg = Release|Win32
		{DF02D786-D403-4243-A568-E613F6A7A2F1}.Release|x86.Build.0 = Release|Win32
		{BE904171-F6CA-45F4-B0F0-8F59474EBFE9}.Debug|x64.ActiveCfg = Debug|x64
		{BE904171-F6CA-45F4-B0F0-8F59474EBFE9}.Debug|x64.Build.0 = Debug|x64
		{BE904171-F6CA-45F4-B0F0-8F59474EBFE9}.Debug|x86.ActiveCfg = Debug|Win32
		{BE904171-F6CA-45F4-B0F0-8F59474EBFE9}.Debug|x86.Build.0 = Debug|Win32
		{BE904171-F6CA-45F4-B0F0-8F59474EBFE9}.Release|x64.ActiveCfg = Release|x64
		{BE904171-F6CA-45F4-B0F0-8F59474EBFE9}.Release|x64.Build.0 = Release|x64
		{BE904171-F6CA-45F4-B0F0-8F59474EBFE9}.Release|x86.ActiveCfg = Release|Win32
		{BE904171-F6CA-45F4-B0F0-8F59474EBFE9}.Release|x86.Build.0 = Release|Win32
		{104F21EE-154E-41D8-824C-4C9AE589C4B4}.Debug|x64.ActiveCfg = Debug|x64
		{104F21EE-154E-41D8-824C-4C9AE589C4B4}.Debug|x64.Build.0 = Debug|x64
		{104F21EE-154E-41D8-824C-4C9AE589C4B4}.Debug|x86.ActiveCfg = Debug|Win32
		{104F21EE-154E-41D8-824C-4C9AE589C4B4}.Debug|x86.Build.0 = Debug|Win32
		{104F21EE-154E-41D8-824C-4C9AE589C4B4}.Release|x64.ActiveCfg = Release|x64
		{104F21EE-154E-41D8-824C-4C9AE589C4B4}.Release|x64.Build.0 = Release|x64
		{104F21EE-154E-41D8-824C-4C9AE589C4B4}.Release|x86.ActiveCfg = Release|Win32
		{104F21EE-154E-41D8-824C-4C9AE589C4B4}.Release|x86.Build.0 = Release|Win32
	EndGlobalSection
	GlobalSection(SolutionProperties) = preSolution
		HideSolutionNode = FALSE
	EndGlobalSection
	GlobalSection(ExtensibilityGlobals) = postSolution
		SolutionGuid = {3883DF12-BC02-4F8D-91C9-3CDF026EF037}
	EndGlobalSection
EndGlobal
